
Microsoft Visual Studio Solution File, Format Version 11.00
# Visual Studio 2010
Project("{FAE04EC0-301F-11D3-BF4B-00C04F79EFBC}") = "Ultimate_STR_V1_Code", "WindowsFormsApplication1\Ultimate_STR_V1_Code.csproj", "{D0CF821B-43DC-4AC3-ACD2-BAE42A4457D8}"
EndProject
Project("{54435603-DBB4-11D2-8724-00A0C9A8B90C}") = "Ultimate 4.6", "Ultimate 4.6\Ultimate 4.6.vdproj", "{93539E15-5E40-4CFD-9C69-A8B85AA0149C}"
EndProject
Project("{54435603-DBB4-11D2-8724-00A0C9A8B90C}") = "Ultimate 4.7", "Ultimate 4.7\Ultimate 4.7.vdproj", "{E0D82930-D236-4474-AF10-1D836A9F5086}"
EndProject
Project("{54435603-DBB4-11D2-8724-00A0C9A8B90C}") = "Ultimate 4.8", "Ultimate 4.8\Ultimate 4.8.vdproj", "{2703AF19-7DDC-4606-84F2-38D1A76E3736}"
EndProject
Project("{54435603-DBB4-11D2-8724-00A0C9A8B90C}") = "Ultimate 4.9", "Ultimate 4.9\Ultimate 4.9.vdproj", "{2042BD10-6E7B-4E4B-B984-99F05C4966CB}"
EndProject
Project("{54435603-DBB4-11D2-8724-00A0C9A8B90C}") = "Ultimate 5.1", "Ultimate 5.1\Ultimate 5.1.vdproj", "{62957DD2-0F2B-48EE-8259-062684639DF6}"
EndProject
Project("{54435603-DBB4-11D2-8724-00A0C9A8B90C}") = "Ultimate 5.3", "Ultimate 5.3\Ultimate 5.3.vdproj", "{B3FEF044-E444-4845-9400-F554A7CCCEE3}"
EndProject
Project("{54435603-DBB4-11D2-8724-00A0C9A8B90C}") = "Ultimate V1 5.5", "Ultimate V1 5.5\Ultimate V1 5.5.vdproj", "{2F140032-F6EE-40EE-BE91-D88B0D9F0B26}"
EndProject
Project("{54435603-DBB4-11D2-8724-00A0C9A8B90C}") = "Ultimate V1 5.6", "Ultimate V1 5.6\Ultimate V1 5.6.vdproj", "{E069DA58-ACB9-420D-AD42-9B53BD248F3F}"
EndProject
Project("{54435603-DBB4-11D2-8724-00A0C9A8B90C}") = "Ultimate V1 5.6.1", "Ultimate V1 5.6.1\Ultimate V1 5.6.1.vdproj", "{5B948339-6C94-44D7-8E69-A6837673BE47}"
EndProject
Project("{54435603-DBB4-11D2-8724-00A0C9A8B90C}") = "Ultimate V1 6.0", "Ultimate V1 6.0\Ultimate V1 6.0.vdproj", "{6B6C44FD-18C1-4555-A8BD-7F29EE2BC4E5}"
EndProject
Project("{54435603-DBB4-11D2-8724-00A0C9A8B90C}") = "Ultimate V1 6.1", "Ultimate V1 6.1\Ultimate V1 6.1.vdproj", "{78A39573-86FE-41C1-90D4-17F389433D00}"
EndProject
Project("{54435603-DBB4-11D2-8724-00A0C9A8B90C}") = "Ultimate V1 6.2", "Ultimate V1 6.2\Ultimate V1 6.2.vdproj", "{1F47ED65-EE98-4D92-A496-1898D9A3E2C2}"
EndProject
Project("{54435603-DBB4-11D2-8724-00A0C9A8B90C}") = "Ultimate V1 6.3", "Ultimate V1 6.3\Ultimate V1 6.3.vdproj", "{8291EDBC-0229-4278-8FA1-EC28C0C5E9CE}"
EndProject
Project("{54435603-DBB4-11D2-8724-00A0C9A8B90C}") = "Ultimate V1 6.4", "Ultimate V1 6.4\Ultimate V1 6.4.vdproj", "{BA1EE2A7-4F70-481B-B3B1-5CBD4493BDD5}"
EndProject
Project("{54435603-DBB4-11D2-8724-00A0C9A8B90C}") = "Ultimate V1 6.5", "Ultimate V1 6.5\Ultimate V1 6.5.vdproj", "{444851F3-9DA6-470E-828A-1D8124795F7E}"
EndProject
Project("{54435603-DBB4-11D2-8724-00A0C9A8B90C}") = "Ultimate V1 6.6", "Ultimate V1 6.6\Ultimate V1 6.6.vdproj", "{0530855A-5B79-47DD-827C-728342780904}"
EndProject
Global
	GlobalSection(SolutionConfigurationPlatforms) = preSolution
		Debug|Any CPU = Debug|Any CPU
		Debug|x64 = Debug|x64
		Debug|x86 = Debug|x86
		Release|Any CPU = Release|Any CPU
		Release|x64 = Release|x64
		Release|x86 = Release|x86
	EndGlobalSection
	GlobalSection(ProjectConfigurationPlatforms) = postSolution
		{D0CF821B-43DC-4AC3-ACD2-BAE42A4457D8}.Debug|Any CPU.ActiveCfg = Debug|x86
		{D0CF821B-43DC-4AC3-ACD2-BAE42A4457D8}.Debug|Any CPU.Build.0 = Debug|x86
		{D0CF821B-43DC-4AC3-ACD2-BAE42A4457D8}.Debug|x64.ActiveCfg = Debug|x64
		{D0CF821B-43DC-4AC3-ACD2-BAE42A4457D8}.Debug|x64.Build.0 = Debug|x64
		{D0CF821B-43DC-4AC3-ACD2-BAE42A4457D8}.Debug|x86.ActiveCfg = Debug|x86
		{D0CF821B-43DC-4AC3-ACD2-BAE42A4457D8}.Debug|x86.Build.0 = Debug|x86
		{D0CF821B-43DC-4AC3-ACD2-BAE42A4457D8}.Release|Any CPU.ActiveCfg = Release|x86
		{D0CF821B-43DC-4AC3-ACD2-BAE42A4457D8}.Release|Any CPU.Build.0 = Release|x86
		{D0CF821B-43DC-4AC3-ACD2-BAE42A4457D8}.Release|x64.ActiveCfg = Release|Any CPU
		{D0CF821B-43DC-4AC3-ACD2-BAE42A4457D8}.Release|x64.Build.0 = Release|Any CPU
		{D0CF821B-43DC-4AC3-ACD2-BAE42A4457D8}.Release|x86.ActiveCfg = Release|x86
		{D0CF821B-43DC-4AC3-ACD2-BAE42A4457D8}.Release|x86.Build.0 = Release|x86
		{93539E15-5E40-4CFD-9C69-A8B85AA0149C}.Debug|Any CPU.ActiveCfg = Debug
		{93539E15-5E40-4CFD-9C69-A8B85AA0149C}.Debug|x64.ActiveCfg = Debug
		{93539E15-5E40-4CFD-9C69-A8B85AA0149C}.Debug|x86.ActiveCfg = Debug
		{93539E15-5E40-4CFD-9C69-A8B85AA0149C}.Release|Any CPU.ActiveCfg = Release
		{93539E15-5E40-4CFD-9C69-A8B85AA0149C}.Release|x64.ActiveCfg = Release
		{93539E15-5E40-4CFD-9C69-A8B85AA0149C}.Release|x86.ActiveCfg = Release
		{E0D82930-D236-4474-AF10-1D836A9F5086}.Debug|Any CPU.ActiveCfg = Debug
		{E0D82930-D236-4474-AF10-1D836A9F5086}.Debug|x64.ActiveCfg = Debug
		{E0D82930-D236-4474-AF10-1D836A9F5086}.Debug|x86.ActiveCfg = Debug
		{E0D82930-D236-4474-AF10-1D836A9F5086}.Release|Any CPU.ActiveCfg = Release
		{E0D82930-D236-4474-AF10-1D836A9F5086}.Release|x64.ActiveCfg = Release
		{E0D82930-D236-4474-AF10-1D836A9F5086}.Release|x86.ActiveCfg = Release
		{2703AF19-7DDC-4606-84F2-38D1A76E3736}.Debug|Any CPU.ActiveCfg = Debug
		{2703AF19-7DDC-4606-84F2-38D1A76E3736}.Debug|x64.ActiveCfg = Debug
		{2703AF19-7DDC-4606-84F2-38D1A76E3736}.Debug|x86.ActiveCfg = Debug
		{2703AF19-7DDC-4606-84F2-38D1A76E3736}.Release|Any CPU.ActiveCfg = Release
		{2703AF19-7DDC-4606-84F2-38D1A76E3736}.Release|x64.ActiveCfg = Release
		{2703AF19-7DDC-4606-84F2-38D1A76E3736}.Release|x86.ActiveCfg = Release
		{2042BD10-6E7B-4E4B-B984-99F05C4966CB}.Debug|Any CPU.ActiveCfg = Debug
		{2042BD10-6E7B-4E4B-B984-99F05C4966CB}.Debug|x64.ActiveCfg = Debug
		{2042BD10-6E7B-4E4B-B984-99F05C4966CB}.Debug|x86.ActiveCfg = Debug
		{2042BD10-6E7B-4E4B-B984-99F05C4966CB}.Release|Any CPU.ActiveCfg = Release
		{2042BD10-6E7B-4E4B-B984-99F05C4966CB}.Release|x64.ActiveCfg = Release
		{2042BD10-6E7B-4E4B-B984-99F05C4966CB}.Release|x86.ActiveCfg = Release
		{62957DD2-0F2B-48EE-8259-062684639DF6}.Debug|Any CPU.ActiveCfg = Debug
		{62957DD2-0F2B-48EE-8259-062684639DF6}.Debug|x64.ActiveCfg = Debug
		{62957DD2-0F2B-48EE-8259-062684639DF6}.Debug|x86.ActiveCfg = Debug
		{62957DD2-0F2B-48EE-8259-062684639DF6}.Release|Any CPU.ActiveCfg = Release
		{62957DD2-0F2B-48EE-8259-062684639DF6}.Release|x64.ActiveCfg = Release
		{62957DD2-0F2B-48EE-8259-062684639DF6}.Release|x86.ActiveCfg = Release
		{B3FEF044-E444-4845-9400-F554A7CCCEE3}.Debug|Any CPU.ActiveCfg = Debug
		{B3FEF044-E444-4845-9400-F554A7CCCEE3}.Debug|x64.ActiveCfg = Debug
		{B3FEF044-E444-4845-9400-F554A7CCCEE3}.Debug|x86.ActiveCfg = Debug
		{B3FEF044-E444-4845-9400-F554A7CCCEE3}.Release|Any CPU.ActiveCfg = Release
		{B3FEF044-E444-4845-9400-F554A7CCCEE3}.Release|x64.ActiveCfg = Release
		{B3FEF044-E444-4845-9400-F554A7CCCEE3}.Release|x86.ActiveCfg = Release
		{2F140032-F6EE-40EE-BE91-D88B0D9F0B26}.Debug|Any CPU.ActiveCfg = Debug
		{2F140032-F6EE-40EE-BE91-D88B0D9F0B26}.Debug|x64.ActiveCfg = Debug
		{2F140032-F6EE-40EE-BE91-D88B0D9F0B26}.Debug|x86.ActiveCfg = Debug
		{2F140032-F6EE-40EE-BE91-D88B0D9F0B26}.Release|Any CPU.ActiveCfg = Release
		{2F140032-F6EE-40EE-BE91-D88B0D9F0B26}.Release|x64.ActiveCfg = Release
		{2F140032-F6EE-40EE-BE91-D88B0D9F0B26}.Release|x86.ActiveCfg = Release
		{E069DA58-ACB9-420D-AD42-9B53BD248F3F}.Debug|Any CPU.ActiveCfg = Debug
		{E069DA58-ACB9-420D-AD42-9B53BD248F3F}.Debug|x64.ActiveCfg = Debug
		{E069DA58-ACB9-420D-AD42-9B53BD248F3F}.Debug|x86.ActiveCfg = Debug
		{E069DA58-ACB9-420D-AD42-9B53BD248F3F}.Release|Any CPU.ActiveCfg = Release
		{E069DA58-ACB9-420D-AD42-9B53BD248F3F}.Release|x64.ActiveCfg = Release
		{E069DA58-ACB9-420D-AD42-9B53BD248F3F}.Release|x86.ActiveCfg = Release
		{5B948339-6C94-44D7-8E69-A6837673BE47}.Debug|Any CPU.ActiveCfg = Debug
		{5B948339-6C94-44D7-8E69-A6837673BE47}.Debug|x64.ActiveCfg = Debug
		{5B948339-6C94-44D7-8E69-A6837673BE47}.Debug|x86.ActiveCfg = Debug
		{5B948339-6C94-44D7-8E69-A6837673BE47}.Release|Any CPU.ActiveCfg = Release
		{5B948339-6C94-44D7-8E69-A6837673BE47}.Release|x64.ActiveCfg = Release
		{5B948339-6C94-44D7-8E69-A6837673BE47}.Release|x86.ActiveCfg = Release
		{6B6C44FD-18C1-4555-A8BD-7F29EE2BC4E5}.Debug|Any CPU.ActiveCfg = Debug
		{6B6C44FD-18C1-4555-A8BD-7F29EE2BC4E5}.Debug|x64.ActiveCfg = Debug
		{6B6C44FD-18C1-4555-A8BD-7F29EE2BC4E5}.Debug|x86.ActiveCfg = Debug
		{6B6C44FD-18C1-4555-A8BD-7F29EE2BC4E5}.Release|Any CPU.ActiveCfg = Release
		{6B6C44FD-18C1-4555-A8BD-7F29EE2BC4E5}.Release|x64.ActiveCfg = Release
		{6B6C44FD-18C1-4555-A8BD-7F29EE2BC4E5}.Release|x86.ActiveCfg = Release
		{78A39573-86FE-41C1-90D4-17F389433D00}.Debug|Any CPU.ActiveCfg = Debug
		{78A39573-86FE-41C1-90D4-17F389433D00}.Debug|x64.ActiveCfg = Debug
		{78A39573-86FE-41C1-90D4-17F389433D00}.Debug|x86.ActiveCfg = Debug
		{78A39573-86FE-41C1-90D4-17F389433D00}.Release|Any CPU.ActiveCfg = Release
		{78A39573-86FE-41C1-90D4-17F389433D00}.Release|x64.ActiveCfg = Release
		{78A39573-86FE-41C1-90D4-17F389433D00}.Release|x86.ActiveCfg = Release
		{1F47ED65-EE98-4D92-A496-1898D9A3E2C2}.Debug|Any CPU.ActiveCfg = Debug
		{1F47ED65-EE98-4D92-A496-1898D9A3E2C2}.Debug|x64.ActiveCfg = Debug
		{1F47ED65-EE98-4D92-A496-1898D9A3E2C2}.Debug|x86.ActiveCfg = Debug
		{1F47ED65-EE98-4D92-A496-1898D9A3E2C2}.Release|Any CPU.ActiveCfg = Release
		{1F47ED65-EE98-4D92-A496-1898D9A3E2C2}.Release|x64.ActiveCfg = Release
		{1F47ED65-EE98-4D92-A496-1898D9A3E2C2}.Release|x86.ActiveCfg = Release
		{8291EDBC-0229-4278-8FA1-EC28C0C5E9CE}.Debug|Any CPU.ActiveCfg = Debug
		{8291EDBC-0229-4278-8FA1-EC28C0C5E9CE}.Debug|x64.ActiveCfg = Debug
		{8291EDBC-0229-4278-8FA1-EC28C0C5E9CE}.Debug|x86.ActiveCfg = Debug
		{8291EDBC-0229-4278-8FA1-EC28C0C5E9CE}.Release|Any CPU.ActiveCfg = Release
		{8291EDBC-0229-4278-8FA1-EC28C0C5E9CE}.Release|x64.ActiveCfg = Release
		{8291EDBC-0229-4278-8FA1-EC28C0C5E9CE}.Release|x86.ActiveCfg = Release
		{BA1EE2A7-4F70-481B-B3B1-5CBD4493BDD5}.Debug|Any CPU.ActiveCfg = Debug
		{BA1EE2A7-4F70-481B-B3B1-5CBD4493BDD5}.Debug|x64.ActiveCfg = Debug
		{BA1EE2A7-4F70-481B-B3B1-5CBD4493BDD5}.Debug|x86.ActiveCfg = Debug
		{BA1EE2A7-4F70-481B-B3B1-5CBD4493BDD5}.Release|Any CPU.ActiveCfg = Release
		{BA1EE2A7-4F70-481B-B3B1-5CBD4493BDD5}.Release|x64.ActiveCfg = Release
		{BA1EE2A7-4F70-481B-B3B1-5CBD4493BDD5}.Release|x86.ActiveCfg = Release
		{444851F3-9DA6-470E-828A-1D8124795F7E}.Debug|Any CPU.ActiveCfg = Debug
		{444851F3-9DA6-470E-828A-1D8124795F7E}.Debug|x64.ActiveCfg = Debug
		{444851F3-9DA6-470E-828A-1D8124795F7E}.Debug|x86.ActiveCfg = Debug
		{444851F3-9DA6-470E-828A-1D8124795F7E}.Release|Any CPU.ActiveCfg = Release
		{444851F3-9DA6-470E-828A-1D8124795F7E}.Release|x64.ActiveCfg = Release
		{444851F3-9DA6-470E-828A-1D8124795F7E}.Release|x86.ActiveCfg = Release
		{0530855A-5B79-47DD-827C-728342780904}.Debug|Any CPU.ActiveCfg = Debug
		{0530855A-5B79-47DD-827C-728342780904}.Debug|x64.ActiveCfg = Debug
		{0530855A-5B79-47DD-827C-728342780904}.Debug|x86.ActiveCfg = Debug
		{0530855A-5B79-47DD-827C-728342780904}.Release|Any CPU.ActiveCfg = Release
		{0530855A-5B79-47DD-827C-728342780904}.Release|x64.ActiveCfg = Release
		{0530855A-5B79-47DD-827C-728342780904}.Release|x86.ActiveCfg = Release
	EndGlobalSection
	GlobalSection(SolutionProperties) = preSolution
		HideSolutionNode = FALSE
	EndGlobalSection
EndGlobal
